
Microsoft Visual Studio Solution File, Format Version 12.00
# Visual Studio Version 16
VisualStudioVersion = 16.0.31025.194
MinimumVisualStudioVersion = 10.0.40219.1
Project("{FAE04EC0-301F-11D3-BF4B-00C04F79EFBC}") = "HOI4-ModificationsConstructor", "HOI4-ModificationsConstructor\HOI4-ModificationsConstructor.csproj", "{74D2CE18-C21B-4682-BBDA-DF2FF0097660}"
EndProject
Global
	GlobalSection(SolutionConfigurationPlatforms) = preSolution
		Debug|Any CPU = Debug|Any CPU
		Release|Any CPU = Release|Any CPU
	EndGlobalSection
	GlobalSection(ProjectConfigurationPlatforms) = postSolution
		{74D2CE18-C21B-4682-BBDA-DF2FF0097660}.Debug|Any CPU.ActiveCfg = Debug|Any CPU
		{74D2CE18-C21B-4682-BBDA-DF2FF0097660}.Debug|Any CPU.Build.0 = Debug|Any CPU
		{74D2CE18-C21B-4682-BBDA-DF2FF0097660}.Release|Any CPU.ActiveCfg = Release|Any CPU
		{74D2CE18-C21B-4682-BBDA-DF2FF0097660}.Release|Any CPU.Build.0 = Release|Any CPU
	EndGlobalSection
	GlobalSection(SolutionProperties) = preSolution
		HideSolutionNode = FALSE
	EndGlobalSection
	GlobalSection(ExtensibilityGlobals) = postSolution
		SolutionGuid = {313F48AC-A9CB-42D2-8FC6-D243CF12D457}
	EndGlobalSection
EndGlobal
